
Microsoft Visual Studio Solution File, Format Version 12.00
# Visual Studio Version 16
VisualStudioVersion = 16.0.29709.97
MinimumVisualStudioVersion = 10.0.40219.1
Project("{FAE04EC0-301F-11D3-BF4B-00C04F79EFBC}") = "ArduinoHwInfo", "ArduinoHwInfo\ArduinoHwInfo.csproj", "{0F2DA98F-340D-4CD7-8BC3-4D0CF8C8BAC3}"
EndProject
Global
	GlobalSection(SolutionConfigurationPlatforms) = preSolution
		Debug|Any CPU = Debug|Any CPU
		Debug|x64 = Debug|x64
		Release|Any CPU = Release|Any CPU
		Release|x64 = Release|x64
	EndGlobalSection
	GlobalSection(ProjectConfigurationPlatforms) = postSolution
		{0F2DA98F-340D-4CD7-8BC3-4D0CF8C8BAC3}.Debug|Any CPU.ActiveCfg = Debug|Any CPU
		{0F2DA98F-340D-4CD7-8BC3-4D0CF8C8BAC3}.Debug|Any CPU.Build.0 = Debug|Any CPU
		{0F2DA98F-340D-4CD7-8BC3-4D0CF8C8BAC3}.Debug|x64.ActiveCfg = Debug|x64
		{0F2DA98F-340D-4CD7-8BC3-4D0CF8C8BAC3}.Debug|x64.Build.0 = Debug|x64
		{0F2DA98F-340D-4CD7-8BC3-4D0CF8C8BAC3}.Release|Any CPU.ActiveCfg = Release|Any CPU
		{0F2DA98F-340D-4CD7-8BC3-4D0CF8C8BAC3}.Release|Any CPU.Build.0 = Release|Any CPU
		{0F2DA98F-340D-4CD7-8BC3-4D0CF8C8BAC3}.Release|x64.ActiveCfg = Release|x64
		{0F2DA98F-340D-4CD7-8BC3-4D0CF8C8BAC3}.Release|x64.Build.0 = Release|x64
	EndGlobalSection
	GlobalSection(SolutionProperties) = preSolution
		HideSolutionNode = FALSE
	EndGlobalSection
	GlobalSection(ExtensibilityGlobals) = postSolution
		SolutionGuid = {8955B585-5EAB-456E-9EBB-0B8BB5A81240}
	EndGlobalSection
EndGlobal
